
Microsoft Visual Studio Solution File, Format Version 12.00
# Visual Studio Version 16
VisualStudioVersion = 16.0.31424.327
MinimumVisualStudioVersion = 10.0.40219.1
Project("{FAE04EC0-301F-11D3-BF4B-00C04F79EFBC}") = "DalSavio.ProvaFInale.Teoria", "DalSavio.ProvaFInale.AcademyI\DalSavio.ProvaFInale.Teoria.csproj", "{542E7D6C-E559-4814-95BF-710AE5028F0D}"
EndProject
Project("{FAE04EC0-301F-11D3-BF4B-00C04F79EFBC}") = "DalSavio.ProvaFInale.AcademyI.Core", "DalSavio.ProvaFInale.AcademyI.Core\DalSavio.ProvaFInale.AcademyI.Core.csproj", "{2F869EA8-2001-4711-B33A-549995039FDD}"
EndProject
Project("{FAE04EC0-301F-11D3-BF4B-00C04F79EFBC}") = "DalSavio.ProvaFInale.AcademyI.AdoRepository", "DalSavio.ProvaFInale.AcademyI.AdoRepository\DalSavio.ProvaFInale.AcademyI.AdoRepository.csproj", "{9FEB9B97-4B08-470F-97CC-64FF501B6AF8}"
EndProject
Project("{FAE04EC0-301F-11D3-BF4B-00C04F79EFBC}") = "DalSavio.ProvaFInale.AcademyI.ConsoleApp", "DalSavio.ProvaFInale.AcademyI.ConsoleApp\DalSavio.ProvaFInale.AcademyI.ConsoleApp.csproj", "{8C30628A-A6E1-40B1-BAE9-43069364E9F1}"
EndProject
Project("{FAE04EC0-301F-11D3-BF4B-00C04F79EFBC}") = "DalSavio.ProvaFInale.AcademyI.ConsoleAppDipendente", "DalSavio.ProvaFInale.AcademyI.ConsoleAppDipendente\DalSavio.ProvaFInale.AcademyI.ConsoleAppDipendente.csproj", "{12745400-91D5-4F39-8B87-2B5188374155}"
EndProject
Global
	GlobalSection(SolutionConfigurationPlatforms) = preSolution
		Debug|Any CPU = Debug|Any CPU
		Release|Any CPU = Release|Any CPU
	EndGlobalSection
	GlobalSection(ProjectConfigurationPlatforms) = postSolution
		{542E7D6C-E559-4814-95BF-710AE5028F0D}.Debug|Any CPU.ActiveCfg = Debug|Any CPU
		{542E7D6C-E559-4814-95BF-710AE5028F0D}.Debug|Any CPU.Build.0 = Debug|Any CPU
		{542E7D6C-E559-4814-95BF-710AE5028F0D}.Release|Any CPU.ActiveCfg = Release|Any CPU
		{542E7D6C-E559-4814-95BF-710AE5028F0D}.Release|Any CPU.Build.0 = Release|Any CPU
		{2F869EA8-2001-4711-B33A-549995039FDD}.Debug|Any CPU.ActiveCfg = Debug|Any CPU
		{2F869EA8-2001-4711-B33A-549995039FDD}.Debug|Any CPU.Build.0 = Debug|Any CPU
		{2F869EA8-2001-4711-B33A-549995039FDD}.Release|Any CPU.ActiveCfg = Release|Any CPU
		{2F869EA8-2001-4711-B33A-549995039FDD}.Release|Any CPU.Build.0 = Release|Any CPU
		{9FEB9B97-4B08-470F-97CC-64FF501B6AF8}.Debug|Any CPU.ActiveCfg = Debug|Any CPU
		{9FEB9B97-4B08-470F-97CC-64FF501B6AF8}.Debug|Any CPU.Build.0 = Debug|Any CPU
		{9FEB9B97-4B08-470F-97CC-64FF501B6AF8}.Release|Any CPU.ActiveCfg = Release|Any CPU
		{9FEB9B97-4B08-470F-97CC-64FF501B6AF8}.Release|Any CPU.Build.0 = Release|Any CPU
		{8C30628A-A6E1-40B1-BAE9-43069364E9F1}.Debug|Any CPU.ActiveCfg = Debug|Any CPU
		{8C30628A-A6E1-40B1-BAE9-43069364E9F1}.Debug|Any CPU.Build.0 = Debug|Any CPU
		{8C30628A-A6E1-40B1-BAE9-43069364E9F1}.Release|Any CPU.ActiveCfg = Release|Any CPU
		{8C30628A-A6E1-40B1-BAE9-43069364E9F1}.Release|Any CPU.Build.0 = Release|Any CPU
		{12745400-91D5-4F39-8B87-2B5188374155}.Debug|Any CPU.ActiveCfg = Debug|Any CPU
		{12745400-91D5-4F39-8B87-2B5188374155}.Debug|Any CPU.Build.0 = Debug|Any CPU
		{12745400-91D5-4F39-8B87-2B5188374155}.Release|Any CPU.ActiveCfg = Release|Any CPU
		{12745400-91D5-4F39-8B87-2B5188374155}.Release|Any CPU.Build.0 = Release|Any CPU
	EndGlobalSection
	GlobalSection(SolutionProperties) = preSolution
		HideSolutionNode = FALSE
	EndGlobalSection
	GlobalSection(ExtensibilityGlobals) = postSolution
		SolutionGuid = {B3577882-2118-4698-B42B-BE37B3D6BC19}
	EndGlobalSection
EndGlobal
